
Microsoft Visual Studio Solution File, Format Version 12.00
# Visual Studio Version 16
VisualStudioVersion = 16.0.28729.10
MinimumVisualStudioVersion = 10.0.40219.1
Project("{FAE04EC0-301F-11D3-BF4B-00C04F79EFBC}") = "ParkingAvailability.WebAPI", "ParkingAvailability.WebAPI\ParkingAvailability.WebAPI.csproj", "{B93E16C4-D658-439F-9610-3500BDF34E9E}"
EndProject
Project("{FAE04EC0-301F-11D3-BF4B-00C04F79EFBC}") = "ParkingAvailbility.Server", "ParkingAvailbility.Server\ParkingAvailbility.Server.csproj", "{9D653E87-D186-4B1E-9374-E4AE7E3DCD32}"
EndProject
Project("{FAE04EC0-301F-11D3-BF4B-00C04F79EFBC}") = "ParkingAvailbility.GrainInterfaces", "ParkingAvailbility.GrainInterfaces\ParkingAvailbility.GrainInterfaces.csproj", "{A668C0F3-E3BD-4E5A-805A-A067BB757946}"
EndProject
Project("{FAE04EC0-301F-11D3-BF4B-00C04F79EFBC}") = "ParkingAvailability.Grains", "ParkingAvailability.Grains\ParkingAvailability.Grains.csproj", "{C033A7CC-225F-4861-ACD6-5906157A3B68}"
EndProject
Global
	GlobalSection(SolutionConfigurationPlatforms) = preSolution
		Debug|Any CPU = Debug|Any CPU
		Release|Any CPU = Release|Any CPU
	EndGlobalSection
	GlobalSection(ProjectConfigurationPlatforms) = postSolution
		{B93E16C4-D658-439F-9610-3500BDF34E9E}.Debug|Any CPU.ActiveCfg = Debug|Any CPU
		{B93E16C4-D658-439F-9610-3500BDF34E9E}.Debug|Any CPU.Build.0 = Debug|Any CPU
		{B93E16C4-D658-439F-9610-3500BDF34E9E}.Release|Any CPU.ActiveCfg = Release|Any CPU
		{B93E16C4-D658-439F-9610-3500BDF34E9E}.Release|Any CPU.Build.0 = Release|Any CPU
		{9D653E87-D186-4B1E-9374-E4AE7E3DCD32}.Debug|Any CPU.ActiveCfg = Debug|Any CPU
		{9D653E87-D186-4B1E-9374-E4AE7E3DCD32}.Debug|Any CPU.Build.0 = Debug|Any CPU
		{9D653E87-D186-4B1E-9374-E4AE7E3DCD32}.Release|Any CPU.ActiveCfg = Release|Any CPU
		{9D653E87-D186-4B1E-9374-E4AE7E3DCD32}.Release|Any CPU.Build.0 = Release|Any CPU
		{A668C0F3-E3BD-4E5A-805A-A067BB757946}.Debug|Any CPU.ActiveCfg = Debug|Any CPU
		{A668C0F3-E3BD-4E5A-805A-A067BB757946}.Debug|Any CPU.Build.0 = Debug|Any CPU
		{A668C0F3-E3BD-4E5A-805A-A067BB757946}.Release|Any CPU.ActiveCfg = Release|Any CPU
		{A668C0F3-E3BD-4E5A-805A-A067BB757946}.Release|Any CPU.Build.0 = Release|Any CPU
		{C033A7CC-225F-4861-ACD6-5906157A3B68}.Debug|Any CPU.ActiveCfg = Debug|Any CPU
		{C033A7CC-225F-4861-ACD6-5906157A3B68}.Debug|Any CPU.Build.0 = Debug|Any CPU
		{C033A7CC-225F-4861-ACD6-5906157A3B68}.Release|Any CPU.ActiveCfg = Release|Any CPU
		{C033A7CC-225F-4861-ACD6-5906157A3B68}.Release|Any CPU.Build.0 = Release|Any CPU
	EndGlobalSection
	GlobalSection(SolutionProperties) = preSolution
		HideSolutionNode = FALSE
	EndGlobalSection
	GlobalSection(ExtensibilityGlobals) = postSolution
		SolutionGuid = {E20B49E9-D650-4783-B793-51F37DAB4782}
	EndGlobalSection
EndGlobal
